
Microsoft Visual Studio Solution File, Format Version 12.00
# Visual Studio Version 16
VisualStudioVersion = 16.0.31410.357
MinimumVisualStudioVersion = 10.0.40219.1
Project("{FAE04EC0-301F-11D3-BF4B-00C04F79EFBC}") = "Lesson1", "Lesson1\Lesson1.csproj", "{82F37AB8-4144-45BD-BAB5-B9E1A1DC426D}"
EndProject
Global
	GlobalSection(SolutionConfigurationPlatforms) = preSolution
		Debug|Any CPU = Debug|Any CPU
		Release|Any CPU = Release|Any CPU
	EndGlobalSection
	GlobalSection(ProjectConfigurationPlatforms) = postSolution
		{82F37AB8-4144-45BD-BAB5-B9E1A1DC426D}.Debug|Any CPU.ActiveCfg = Debug|Any CPU
		{82F37AB8-4144-45BD-BAB5-B9E1A1DC426D}.Debug|Any CPU.Build.0 = Debug|Any CPU
		{82F37AB8-4144-45BD-BAB5-B9E1A1DC426D}.Release|Any CPU.ActiveCfg = Release|Any CPU
		{82F37AB8-4144-45BD-BAB5-B9E1A1DC426D}.Release|Any CPU.Build.0 = Release|Any CPU
	EndGlobalSection
	GlobalSection(SolutionProperties) = preSolution
		HideSolutionNode = FALSE
	EndGlobalSection
	GlobalSection(ExtensibilityGlobals) = postSolution
		SolutionGuid = {87003FF8-6BEA-4E28-AB56-CBEF8000B9E4}
	EndGlobalSection
EndGlobal
